
Microsoft Visual Studio Solution File, Format Version 12.00
# Visual Studio Version 17
VisualStudioVersion = 17.10.34928.147
MinimumVisualStudioVersion = 10.0.40219.1
Project("{FAE04EC0-301F-11D3-BF4B-00C04F79EFBC}") = "HelloworldWeb", "HelloworldWeb\HelloworldWeb.csproj", "{ADB8AFE3-ED07-4E26-98C7-5F5E428E69A8}"
EndProject
Global
	GlobalSection(SolutionConfigurationPlatforms) = preSolution
		Debug|Any CPU = Debug|Any CPU
		Release|Any CPU = Release|Any CPU
	EndGlobalSection
	GlobalSection(ProjectConfigurationPlatforms) = postSolution
		{ADB8AFE3-ED07-4E26-98C7-5F5E428E69A8}.Debug|Any CPU.ActiveCfg = Debug|Any CPU
		{ADB8AFE3-ED07-4E26-98C7-5F5E428E69A8}.Debug|Any CPU.Build.0 = Debug|Any CPU
		{ADB8AFE3-ED07-4E26-98C7-5F5E428E69A8}.Release|Any CPU.ActiveCfg = Release|Any CPU
		{ADB8AFE3-ED07-4E26-98C7-5F5E428E69A8}.Release|Any CPU.Build.0 = Release|Any CPU
	EndGlobalSection
	GlobalSection(SolutionProperties) = preSolution
		HideSolutionNode = FALSE
	EndGlobalSection
	GlobalSection(ExtensibilityGlobals) = postSolution
		SolutionGuid = {1BA9FB3F-8F42-4BDC-8785-95C11ECB920F}
	EndGlobalSection
EndGlobal
